Microsoft Visual Studio Solution File, Format Version 12.00
# Visual Studio Version 17
VisualStudioVersion = 17.5.2.0
MinimumVisualStudioVersion = 10.0.40219.1
Project("{FAE04EC0-301F-11D3-BF4B-00C04F79EFBC}") = "Auth.Api", "Auth.Api\Auth.Api.csproj", "{6CCB51E9-DAB4-2CD9-A6C7-0D831C6FB937}"
EndProject
Global
	GlobalSection(SolutionConfigurationPlatforms) = preSolution
		Debug|Any CPU = Debug|Any CPU
		Release|Any CPU = Release|Any CPU
	EndGlobalSection
	GlobalSection(ProjectConfigurationPlatforms) = postSolution
		{6CCB51E9-DAB4-2CD9-A6C7-0D831C6FB937}.Debug|Any CPU.ActiveCfg = Debug|Any CPU
		{6CCB51E9-DAB4-2CD9-A6C7-0D831C6FB937}.Debug|Any CPU.Build.0 = Debug|Any CPU
		{6CCB51E9-DAB4-2CD9-A6C7-0D831C6FB937}.Release|Any CPU.ActiveCfg = Release|Any CPU
		{6CCB51E9-DAB4-2CD9-A6C7-0D831C6FB937}.Release|Any CPU.Build.0 = Release|Any CPU
	EndGlobalSection
	GlobalSection(SolutionProperties) = preSolution
		HideSolutionNode = FALSE
	EndGlobalSection
	GlobalSection(ExtensibilityGlobals) = postSolution
		SolutionGuid = {5154F8F0-1AB2-4BFB-803F-FE60FEACB4DD}
	EndGlobalSection
EndGlobal
